// !$*UTF8*$!
{
	archiveVersion = 1;
	classes = {
	};
	objectVersion = 77;
	objects = {

/* Begin PBXBuildFile section */
		35FE98D62ED43CFC002A14ED /* .gitignore in Resources */ = {isa = PBXBuildFile; fileRef = 35FE98D52ED43CF6002A14ED /* .gitignore */; };
/* End PBXBuildFile section */

/* Begin PBXContainerItemProxy section */
		35FE98B12ED43A6C002A14ED /* PBXContainerItemProxy */ = {
			isa = PBXContainerItemProxy;
			containerPortal = 35FE989B2ED43A6B002A14ED /* Project object */;
			proxyType = 1;
			remoteGlobalIDString = 35FE98A22ED43A6B002A14ED;
			remoteInfo = S25W12URLSession;
		};
		35FE98BB2ED43A6C002A14ED /* PBXContainerItemProxy */ = {
			isa = PBXContainerItemProxy;
			containerPortal = 35FE989B2ED43A6B002A14ED /* Project object */;
			proxyType = 1;
			remoteGlobalIDString = 35FE98A22ED43A6B002A14ED;
			remoteInfo = S25W12URLSession;
		};
/* End PBXContainerItemProxy section */

/* Begin PBXFileReference section */
		35FE98A32ED43A6B002A14ED /* S25W12URLSession.app */ = {isa = PBXFileReference; explicitFileType = wrapper.application; includeInIndex = 0; path = S25W12URLSession.app; sourceTree = BUILT_PRODUCTS_DIR; };
		35FE98B02ED43A6C002A14ED /* S25W12URLSessionTests.xctest */ = {isa = PBXFileReference; explicitFileType = wrapper.cfbundle; includeInIndex = 0; path = S25W12URLSessionTests.xctest; sourceTree = BUILT_PRODUCTS_DIR; };
		35FE98BA2ED43A6C002A14ED /* S25W12URLSessionUITests.xctest */ = {isa = PBXFileReference; explicitFileType = wrapper.cfbundle; includeInIndex = 0; path = S25W12URLSessionUITests.xctest; sourceTree = BUILT_PRODUCTS_DIR; };
		35FE98D52ED43CF6002A14ED /* .gitignore */ = {isa = PBXFileReference; lastKnownFileType = text; path = .gitignore; sourceTree = "<group>"; };
/* End PBXFileReference section */

/* Begin PBXFileSystemSynchronizedRootGroup section */
		35FE98A52ED43A6B002A14ED /* S25W12URLSession */ = {
			isa = PBXFileSystemSynchronizedRootGroup;
			path = S25W12URLSession;
			sourceTree = "<group>";
		};
		35FE98B32ED43A6C002A14ED /* S25W12URLSessionTests */ = {
			isa = PBXFileSystemSynchronizedRootGroup;
			path = S25W12URLSessionTests;
			sourceTree = "<group>";
		};
		35FE98BD2ED43A6C002A14ED /* S25W12URLSessionUITests */ = {
			isa = PBXFileSystemSynchronizedRootGroup;
			path = S25W12URLSessionUITests;
			sourceTree = "<group>";
		};
/* End PBXFileSystemSynchronizedRootGroup section */

/* Begin PBXFrameworksBuildPhase section */
		35FE98A02ED43A6B002A14ED /* Frameworks */ = {
			isa = PBXFrameworksBuildPhase;
			buildActionMask = 2147483647;
			files = (
			);
			runOnlyForDeploymentPostprocessing = 0;
		};
		35FE98AD2ED43A6C002A14ED /* Frameworks */ = {
			isa = PBXFrameworksBuildPhase;
			buildActionMask = 2147483647;
			files = (
			);
			runOnlyForDeploymentPostprocessing = 0;
		};
		35FE98B72ED43A6C002A14ED /* Frameworks */ = {
			isa = PBXFrameworksBuildPhase;
			buildActionMask = 2147483647;
			files = (
			);
			runOnlyForDeploymentPostprocessing = 0;
		};
/* End PBXFrameworksBuildPhase section */

/* Begin PBXGroup section */
		35FE989A2ED43A6B002A14ED = {
			isa = PBXGroup;
			children = (
				35FE98D52ED43CF6002A14ED /* .gitignore */,
				35FE98A52ED43A6B002A14ED /* S25W12URLSession */,
				35FE98B32ED43A6C002A14ED /* S25W12URLSessionTests */,
				35FE98BD2ED43A6C002A14ED /* S25W12URLSessionUITests */,
				35FE98A42ED43A6B002A14ED /* Products */,
			);
			sourceTree = "<group>";
		};
		35FE98A42ED43A6B002A14ED /* Products */ = {
			isa = PBXGroup;
			children = (
				35FE98A32ED43A6B002A14ED /* S25W12URLSession.app */,
				35FE98B02ED43A6C002A14ED /* S25W12URLSessionTests.xctest */,
				35FE98BA2ED43A6C002A14ED /* S25W12URLSessionUITests.xctest */,
			);
			name = Products;
			sourceTree = "<group>";
		};
/* End PBXGroup section */

/* Begin PBXNativeTarget section */
		35FE98A22ED43A6B002A14ED /* S25W12URLSession */ = {
			isa = PBXNativeTarget;
			buildConfigurationList = 35FE98C42ED43A6C002A14ED /* Build configuration list for PBXNativeTarget "S25W12URLSession" */;
			buildPhases = (
				35FE989F2ED43A6B002A14ED /* Sources */,
				35FE98A02ED43A6B002A14ED /* Frameworks */,
				35FE98A12ED43A6B002A14ED /* Resources */,
			);
			buildRules = (
			);
			dependencies = (
			);
			fileSystemSynchronizedGroups = (
				35FE98A52ED43A6B002A14ED /* S25W12URLSession */,
			);
			name = S25W12URLSession;
			packageProductDependencies = (
			);
			productName = S25W12URLSession;
			productReference = 35FE98A32ED43A6B002A14ED /* S25W12URLSession.app */;
			productType = "com.apple.product-type.application";
		};
		35FE98AF2ED43A6C002A14ED /* S25W12URLSessionTests */ = {
			isa = PBXNativeTarget;
			buildConfigurationList = 35FE98C72ED43A6C002A14ED /* Build configuration list for PBXNativeTarget "S25W12URLSessionTests" */;
			buildPhases = (
				35FE98AC2ED43A6C002A14ED /* Sources */,
				35FE98AD2ED43A6C002A14ED /* Frameworks */,
				35FE98AE2ED43A6C002A14ED /* Resources */,
			);
			buildRules = (
			);
			dependencies = (
				35FE98B22ED43A6C002A14ED /* PBXTargetDependency */,
			);
			fileSystemSynchronizedGroups = (
				35FE98B32ED43A6C002A14ED /* S25W12URLSessionTests */,
			);
			name = S25W12URLSessionTests;
			packageProductDependencies = (
			);
			productName = S25W12URLSessionTests;
			productReference = 35FE98B02ED43A6C002A14ED /* S25W12URLSessionTests.xctest */;
			productType = "com.apple.product-type.bundle.unit-test";
		};
		35FE98B92ED43A6C002A14ED /* S25W12URLSessionUITests */ = {
			isa = PBXNativeTarget;
			buildConfigurationList = 35FE98CA2ED43A6C002A14ED /* Build configuration list for PBXNativeTarget "S25W12URLSessionUITests" */;
			buildPhases = (
				35FE98B62ED43A6C002A14ED /* Sources */,
				35FE98B72ED43A6C002A14ED /* Frameworks */,
				35FE98B82ED43A6C002A14ED /* Resources */,
			);
			buildRules = (
			);
			dependencies = (
				35FE98BC2ED43A6C002A14ED /* PBXTargetDependency */,
			);
			fileSystemSynchronizedGroups = (
				35FE98BD2ED43A6C002A14ED /* S25W12URLSessionUITests */,
			);
			name = S25W12URLSessionUITests;
			packageProductDependencies = (
			);
			productName = S25W12URLSessionUITests;
			productReference = 35FE98BA2ED43A6C002A14ED /* S25W12URLSessionUITests.xctest */;
			productType = "com.apple.product-type.bundle.ui-testing";
		};
/* End PBXNativeTarget section */

/* Begin PBXProject section */
		35FE989B2ED43A6B002A14ED /* Project object */ = {
			isa = PBXProject;
			attributes = {
				BuildIndependentTargetsInParallel = 1;
				LastSwiftUpdateCheck = 2600;
				LastUpgradeCheck = 2600;
				TargetAttributes = {
					35FE98A22ED43A6B002A14ED = {
						CreatedOnToolsVersion = 26.0.1;
					};
					35FE98AF2ED43A6C002A14ED = {
						CreatedOnToolsVersion = 26.0.1;
						TestTargetID = 35FE98A22ED43A6B002A14ED;
					};
					35FE98B92ED43A6C002A14ED = {
						CreatedOnToolsVersion = 26.0.1;
						TestTargetID = 35FE98A22ED43A6B002A14ED;
					};
				};
			};
			buildConfigurationList = 35FE989E2ED43A6B002A14ED /* Build configuration list for PBXProject "S25W12URLSession" */;
			developmentRegion = en;
			hasScannedForEncodings = 0;
			knownRegions = (
				en,
				Base,
			);
			mainGroup = 35FE989A2ED43A6B002A14ED;
			minimizedProjectReferenceProxies = 1;
			preferredProjectObjectVersion = 77;
			productRefGroup = 35FE98A42ED43A6B002A14ED /* Products */;
			projectDirPath = "";
			projectRoot = "";
			targets = (
				35FE98A22ED43A6B002A14ED /* S25W12URLSession */,
				35FE98AF2ED43A6C002A14ED /* S25W12URLSessionTests */,
				35FE98B92ED43A6C002A14ED /* S25W12URLSessionUITests */,
			);
		};
/* End PBXProject section */

/* Begin PBXResourcesBuildPhase section */
		35FE98A12ED43A6B002A14ED /* Resources */ = {
			isa = PBXResourcesBuildPhase;
			buildActionMask = 2147483647;
			files = (
				35FE98D62ED43CFC002A14ED /* .gitignore in Resources */,
			);
			runOnlyForDeploymentPostprocessing = 0;
		};
		35FE98AE2ED43A6C002A14ED /* Resources */ = {
			isa = PBXResourcesBuildPhase;
			buildActionMask = 2147483647;
			files = (
			);
			runOnlyForDeploymentPostprocessing = 0;
		};
		35FE98B82ED43A6C002A14ED /* Resources */ = {
			isa = PBXResourcesBuildPhase;
			buildActionMask = 2147483647;
			files = (
			);
			runOnlyForDeploymentPostprocessing = 0;
		};
/* End PBXResourcesBuildPhase section */

/* Begin PBXSourcesBuildPhase section */
		35FE989F2ED43A6B002A14ED /* Sources */ = {
			isa = PBXSourcesBuildPhase;
			buildActionMask = 2147483647;
			files = (
			);
			runOnlyForDeploymentPostprocessing = 0;
		};
		35FE98AC2ED43A6C002A14ED /* Sources */ = {
			isa = PBXSourcesBuildPhase;
			buildActionMask = 2147483647;
			files = (
			);
			runOnlyForDeploymentPostprocessing = 0;
		};
		35FE98B62ED43A6C002A14ED /* Sources */ = {
			isa = PBXSourcesBuildPhase;
			buildActionMask = 2147483647;
			files = (
			);
			runOnlyForDeploymentPostprocessing = 0;
		};
/* End PBXSourcesBuildPhase section */

/* Begin PBXTargetDependency section */
		35FE98B22ED43A6C002A14ED /* PBXTargetDependency */ = {
			isa = PBXTargetDependency;
			target = 35FE98A22ED43A6B002A14ED /* S25W12URLSession */;
			targetProxy = 35FE98B12ED43A6C002A14ED /* PBXContainerItemProxy */;
		};
		35FE98BC2ED43A6C002A14ED /* PBXTargetDependency */ = {
			isa = PBXTargetDependency;
			target = 35FE98A22ED43A6B002A14ED /* S25W12URLSession */;
			targetProxy = 35FE98BB2ED43A6C002A14ED /* PBXContainerItemProxy */;
		};
/* End PBXTargetDependency section */

/* Begin XCBuildConfiguration section */
		35FE98C22ED43A6C002A14ED /* Debug */ = {
			isa = XCBuildConfiguration;
			buildSettings = {
				ALWAYS_SEARCH_USER_PATHS = NO;
				ASSETCATALOG_COMPILER_GENERATE_SWIFT_ASSET_SYMBOL_EXTENSIONS = YES;
				CLANG_ANALYZER_NONNULL = YES;
				CLANG_ANALYZER_NUMBER_OBJECT_CONVERSION = YES_AGGRESSIVE;
				CLANG_CXX_LANGUAGE_STANDARD = "gnu++20";
				CLANG_ENABLE_MODULES = YES;
				CLANG_ENABLE_OBJC_ARC = YES;
				CLANG_ENABLE_OBJC_WEAK = YES;
				CLANG_WARN_BLOCK_CAPTURE_AUTORELEASING = YES;
				CLANG_WARN_BOOL_CONVERSION = YES;
				CLANG_WARN_COMMA = YES;
				CLANG_WARN_CONSTANT_CONVERSION = YES;
				CLANG_WARN_DEPRECATED_OBJC_IMPLEMENTATIONS = YES;
				CLANG_WARN_DIRECT_OBJC_ISA_USAGE = YES_ERROR;
				CLANG_WARN_DOCUMENTATION_COMMENTS = YES;
				CLANG_WARN_EMPTY_BODY = YES;
				CLANG_WARN_ENUM_CONVERSION = YES;
				CLANG_WARN_INFINITE_RECURSION = YES;
				CLANG_WARN_INT_CONVERSION = YES;
				CLANG_WARN_NON_LITERAL_NULL_CONVERSION = YES;
				CLANG_WARN_OBJC_IMPLICIT_RETAIN_SELF = YES;
				CLANG_WARN_OBJC_LITERAL_CONVERSION = YES;
				CLANG_WARN_OBJC_ROOT_CLASS = YES_ERROR;
				CLANG_WARN_QUOTED_INCLUDE_IN_FRAMEWORK_HEADER = YES;
				CLANG_WARN_RANGE_LOOP_ANALYSIS = YES;
				CLANG_WARN_STRICT_PROTOTYPES = YES;
				CLANG_WARN_SUSPICIOUS_MOVE = YES;
				CLANG_WARN_UNGUARDED_AVAILABILITY = YES_AGGRESSIVE;
				CLANG_WARN_UNREACHABLE_CODE = YES;
				CLANG_WARN__DUPLICATE_METHOD_MATCH = YES;
				COPY_PHASE_STRIP = NO;
				DEBUG_INFORMATION_FORMAT = dwarf;
				DEVELOPMENT_TEAM = FY5KNC5LR4;
				ENABLE_STRICT_OBJC_MSGSEND = YES;
				ENABLE_TESTABILITY = YES;
				ENABLE_USER_SCRIPT_SANDBOXING = YES;
				GCC_C_LANGUAGE_STANDARD = gnu17;
				GCC_DYNAMIC_NO_PIC = NO;
				GCC_NO_COMMON_BLOCKS = YES;
				GCC_OPTIMIZATION_LEVEL = 0;
				GCC_PREPROCESSOR_DEFINITIONS = (
					"DEBUG=1",
					"$(inherited)",
				);
				GCC_WARN_64_TO_32_BIT_CONVERSION = YES;
				GCC_WARN_ABOUT_RETURN_TYPE = YES_ERROR;
				GCC_WARN_UNDECLARED_SELECTOR = YES;
				GCC_WARN_UNINITIALIZED_AUTOS = YES_AGGRESSIVE;
				GCC_WARN_UNUSED_FUNCTION = YES;
				GCC_WARN_UNUSED_VARIABLE = YES;
				IPHONEOS_DEPLOYMENT_TARGET = 26.0;
				LOCALIZATION_PREFERS_STRING_CATALOGS = YES;
				MTL_ENABLE_DEBUG_INFO = INCLUDE_SOURCE;
				MTL_FAST_MATH = YES;
				ONLY_ACTIVE_ARCH = YES;
				SDKROOT = iphoneos;
				SWIFT_ACTIVE_COMPILATION_CONDITIONS = "DEBUG $(inherited)";
				SWIFT_OPTIMIZATION_LEVEL = "-Onone";
			};
			name = Debug;
		};
		35FE98C32ED43A6C002A14ED /* Release */ = {
			isa = XCBuildConfiguration;
			buildSettings = {
				ALWAYS_SEARCH_USER_PATHS = NO;
				ASSETCATALOG_COMPILER_GENERATE_SWIFT_ASSET_SYMBOL_EXTENSIONS = YES;
				CLANG_ANALYZER_NONNULL = YES;
				CLANG_ANALYZER_NUMBER_OBJECT_CONVERSION = YES_AGGRESSIVE;
				CLANG_CXX_LANGUAGE_STANDARD = "gnu++20";
				CLANG_ENABLE_MODULES = YES;
				CLANG_ENABLE_OBJC_ARC = YES;
				CLANG_ENABLE_OBJC_WEAK = YES;
				CLANG_WARN_BLOCK_CAPTURE_AUTORELEASING = YES;
				CLANG_WARN_BOOL_CONVERSION = YES;
				CLANG_WARN_COMMA = YES;
				CLANG_WARN_CONSTANT_CONVERSION = YES;
				CLANG_WARN_DEPRECATED_OBJC_IMPLEMENTATIONS = YES;
				CLANG_WARN_DIRECT_OBJC_ISA_USAGE = YES_ERROR;
				CLANG_WARN_DOCUMENTATION_COMMENTS = YES;
				CLANG_WARN_EMPTY_BODY = YES;
				CLANG_WARN_ENUM_CONVERSION = YES;
				CLANG_WARN_INFINITE_RECURSION = YES;
				CLANG_WARN_INT_CONVERSION = YES;
				CLANG_WARN_NON_LITERAL_NULL_CONVERSION = YES;
				CLANG_WARN_OBJC_IMPLICIT_RETAIN_SELF = YES;
				CLANG_WARN_OBJC_LITERAL_CONVERSION = YES;
				CLANG_WARN_OBJC_ROOT_CLASS = YES_ERROR;
				CLANG_WARN_QUOTED_INCLUDE_IN_FRAMEWORK_HEADER = YES;
				CLANG_WARN_RANGE_LOOP_ANALYSIS = YES;
				CLANG_WARN_STRICT_PROTOTYPES = YES;
				CLANG_WARN_SUSPICIOUS_MOVE = YES;
				CLANG_WARN_UNGUARDED_AVAILABILITY = YES_AGGRESSIVE;
				CLANG_WARN_UNREACHABLE_CODE = YES;
				CLANG_WARN__DUPLICATE_METHOD_MATCH = YES;
				COPY_PHASE_STRIP = NO;
				DEBUG_INFORMATION_FORMAT = "dwarf-with-dsym";
				DEVELOPMENT_TEAM = FY5KNC5LR4;
				ENABLE_NS_ASSERTIONS = NO;
				ENABLE_STRICT_OBJC_MSGSEND = YES;
				ENABLE_USER_SCRIPT_SANDBOXING = YES;
				GCC_C_LANGUAGE_STANDARD = gnu17;
				GCC_NO_COMMON_BLOCKS = YES;
				GCC_WARN_64_TO_32_BIT_CONVERSION = YES;
				GCC_WARN_ABOUT_RETURN_TYPE = YES_ERROR;
				GCC_WARN_UNDECLARED_SELECTOR = YES;
				GCC_WARN_UNINITIALIZED_AUTOS = YES_AGGRESSIVE;
				GCC_WARN_UNUSED_FUNCTION = YES;
				GCC_WARN_UNUSED_VARIABLE = YES;
				IPHONEOS_DEPLOYMENT_TARGET = 26.0;
				LOCALIZATION_PREFERS_STRING_CATALOGS = YES;
				MTL_ENABLE_DEBUG_INFO = NO;
				MTL_FAST_MATH = YES;
				SDKROOT = iphoneos;
				SWIFT_COMPILATION_MODE = wholemodule;
				VALIDATE_PRODUCT = YES;
			};
			name = Release;
		};
		35FE98C52ED43A6C002A14ED /* Debug */ = {
			isa = XCBuildConfiguration;
			buildSettings = {
				ASSETCATALOG_COMPILER_APPICON_NAME = AppIcon;
				ASSETCATALOG_COMPILER_GLOBAL_ACCENT_COLOR_NAME = AccentColor;
				CODE_SIGN_STYLE = Automatic;
				CURRENT_PROJECT_VERSION = 1;
				DEVELOPMENT_TEAM = FY5KNC5LR4;
				ENABLE_PREVIEWS = YES;
				GENERATE_INFOPLIST_FILE = YES;
				INFOPLIST_KEY_UIApplicationSceneManifest_Generation = YES;
				INFOPLIST_KEY_UIApplicationSupportsIndirectInputEvents = YES;
				INFOPLIST_KEY_UILaunchScreen_Generation = YES;
				INFOPLIST_KEY_UISupportedInterfaceOrientations_iPad = "UIInterfaceOrientationPortrait UIInterfaceOrientationPortraitUpsideDown UIInterfaceOrientationLandscapeLeft UIInterfaceOrientationLandscapeRight";
				INFOPLIST_KEY_UISupportedInterfaceOrientations_iPhone = "UIInterfaceOrientationPortrait UIInterfaceOrientationLandscapeLeft UIInterfaceOrientationLandscapeRight";
				LD_RUNPATH_SEARCH_PATHS = (
					"$(inherited)",
					"@executable_path/Frameworks",
				);
				MARKETING_VERSION = 1.0;
				PRODUCT_BUNDLE_IDENTIFIER = kr.ac.kumoh.s20210498.S25W12URLSession;
				PRODUCT_NAME = "$(TARGET_NAME)";
				STRING_CATALOG_GENERATE_SYMBOLS = YES;
				SWIFT_APPROACHABLE_CONCURRENCY = YES;
				SWIFT_DEFAULT_ACTOR_ISOLATION = MainActor;
				SWIFT_EMIT_LOC_STRINGS = YES;
				SWIFT_UPCOMING_FEATURE_MEMBER_IMPORT_VISIBILITY = YES;
				SWIFT_VERSION = 5.0;
				TARGETED_DEVICE_FAMILY = "1,2";
			};
			name = Debug;
		};
		35FE98C62ED43A6C002A14ED /* Release */ = {
			isa = XCBuildConfiguration;
			buildSettings = {
				ASSETCATALOG_COMPILER_APPICON_NAME = AppIcon;
				ASSETCATALOG_COMPILER_GLOBAL_ACCENT_COLOR_NAME = AccentColor;
				CODE_SIGN_STYLE = Automatic;
				CURRENT_PROJECT_VERSION = 1;
				DEVELOPMENT_TEAM = FY5KNC5LR4;
				ENABLE_PREVIEWS = YES;
				GENERATE_INFOPLIST_FILE = YES;
				INFOPLIST_KEY_UIApplicationSceneManifest_Generation = YES;
				INFOPLIST_KEY_UIApplicationSupportsIndirectInputEvents = YES;
				INFOPLIST_KEY_UILaunchScreen_Generation = YES;
				INFOPLIST_KEY_UISupportedInterfaceOrientations_iPad = "UIInterfaceOrientationPortrait UIInterfaceOrientationPortraitUpsideDown UIInterfaceOrientationLandscapeLeft UIInterfaceOrientationLandscapeRight";
				INFOPLIST_KEY_UISupportedInterfaceOrientations_iPhone = "UIInterfaceOrientationPortrait UIInterfaceOrientationLandscapeLeft UIInterfaceOrientationLandscapeRight";
				LD_RUNPATH_SEARCH_PATHS = (
					"$(inherited)",
					"@executable_path/Frameworks",
				);
				MARKETING_VERSION = 1.0;
				PRODUCT_BUNDLE_IDENTIFIER = kr.ac.kumoh.s20210498.S25W12URLSession;
				PRODUCT_NAME = "$(TARGET_NAME)";
				STRING_CATALOG_GENERATE_SYMBOLS = YES;
				SWIFT_APPROACHABLE_CONCURRENCY = YES;
				SWIFT_DEFAULT_ACTOR_ISOLATION = MainActor;
				SWIFT_EMIT_LOC_STRINGS = YES;
				SWIFT_UPCOMING_FEATURE_MEMBER_IMPORT_VISIBILITY = YES;
				SWIFT_VERSION = 5.0;
				TARGETED_DEVICE_FAMILY = "1,2";
			};
			name = Release;
		};
		35FE98C82ED43A6C002A14ED /* Debug */ = {
			isa = XCBuildConfiguration;
			buildSettings = {
				BUNDLE_LOADER = "$(TEST_HOST)";
				CODE_SIGN_STYLE = Automatic;
				CURRENT_PROJECT_VERSION = 1;
				DEVELOPMENT_TEAM = FY5KNC5LR4;
				GENERATE_INFOPLIST_FILE = YES;
				IPHONEOS_DEPLOYMENT_TARGET = 26.0;
				MARKETING_VERSION = 1.0;
				PRODUCT_BUNDLE_IDENTIFIER = kr.ac.kumoh.s20210498.S25W12URLSessionTests;
				PRODUCT_NAME = "$(TARGET_NAME)";
				STRING_CATALOG_GENERATE_SYMBOLS = NO;
				SWIFT_APPROACHABLE_CONCURRENCY = YES;
				SWIFT_EMIT_LOC_STRINGS = NO;
				SWIFT_UPCOMING_FEATURE_MEMBER_IMPORT_VISIBILITY = YES;
				SWIFT_VERSION = 5.0;
				TARGETED_DEVICE_FAMILY = "1,2";
				TEST_HOST = "$(BUILT_PRODUCTS_DIR)/S25W12URLSession.app/$(BUNDLE_EXECUTABLE_FOLDER_PATH)/S25W12URLSession";
			};
			name = Debug;
		};
		35FE98C92ED43A6C002A14ED /* Release */ = {
			isa = XCBuildConfiguration;
			buildSettings = {
				BUNDLE_LOADER = "$(TEST_HOST)";
				CODE_SIGN_STYLE = Automatic;
				CURRENT_PROJECT_VERSION = 1;
				DEVELOPMENT_TEAM = FY5KNC5LR4;
				GENERATE_INFOPLIST_FILE = YES;
				IPHONEOS_DEPLOYMENT_TARGET = 26.0;
				MARKETING_VERSION = 1.0;
				PRODUCT_BUNDLE_IDENTIFIER = kr.ac.kumoh.s20210498.S25W12URLSessionTests;
				PRODUCT_NAME = "$(TARGET_NAME)";
				STRING_CATALOG_GENERATE_SYMBOLS = NO;
				SWIFT_APPROACHABLE_CONCURRENCY = YES;
				SWIFT_EMIT_LOC_STRINGS = NO;
				SWIFT_UPCOMING_FEATURE_MEMBER_IMPORT_VISIBILITY = YES;
				SWIFT_VERSION = 5.0;
				TARGETED_DEVICE_FAMILY = "1,2";
				TEST_HOST = "$(BUILT_PRODUCTS_DIR)/S25W12URLSession.app/$(BUNDLE_EXECUTABLE_FOLDER_PATH)/S25W12URLSession";
			};
			name = Release;
		};
		35FE98CB2ED43A6C002A14ED /* Debug */ = {
			isa = XCBuildConfiguration;
			buildSettings = {
				CODE_SIGN_STYLE = Automatic;
				CURRENT_PROJECT_VERSION = 1;
				DEVELOPMENT_TEAM = FY5KNC5LR4;
				GENERATE_INFOPLIST_FILE = YES;
				MARKETING_VERSION = 1.0;
				PRODUCT_BUNDLE_IDENTIFIER = kr.ac.kumoh.s20210498.S25W12URLSessionUITests;
				PRODUCT_NAME = "$(TARGET_NAME)";
				STRING_CATALOG_GENERATE_SYMBOLS = NO;
				SWIFT_APPROACHABLE_CONCURRENCY = YES;
				SWIFT_EMIT_LOC_STRINGS = NO;
				SWIFT_UPCOMING_FEATURE_MEMBER_IMPORT_VISIBILITY = YES;
				SWIFT_VERSION = 5.0;
				TARGETED_DEVICE_FAMILY = "1,2";
				TEST_TARGET_NAME = S25W12URLSession;
			};
			name = Debug;
		};
		35FE98CC2ED43A6C002A14ED /* Release */ = {
			isa = XCBuildConfiguration;
			buildSettings = {
				CODE_SIGN_STYLE = Automatic;
				CURRENT_PROJECT_VERSION = 1;
				DEVELOPMENT_TEAM = FY5KNC5LR4;
				GENERATE_INFOPLIST_FILE = YES;
				MARKETING_VERSION = 1.0;
				PRODUCT_BUNDLE_IDENTIFIER = kr.ac.kumoh.s20210498.S25W12URLSessionUITests;
				PRODUCT_NAME = "$(TARGET_NAME)";
				STRING_CATALOG_GENERATE_SYMBOLS = NO;
				SWIFT_APPROACHABLE_CONCURRENCY = YES;
				SWIFT_EMIT_LOC_STRINGS = NO;
				SWIFT_UPCOMING_FEATURE_MEMBER_IMPORT_VISIBILITY = YES;
				SWIFT_VERSION = 5.0;
				TARGETED_DEVICE_FAMILY = "1,2";
				TEST_TARGET_NAME = S25W12URLSession;
			};
			name = Release;
		};
/* End XCBuildConfiguration section */

/* Begin XCConfigurationList section */
		35FE989E2ED43A6B002A14ED /* Build configuration list for PBXProject "S25W12URLSession" */ = {
			isa = XCConfigurationList;
			buildConfigurations = (
				35FE98C22ED43A6C002A14ED /* Debug */,
				35FE98C32ED43A6C002A14ED /* Release */,
			);
			defaultConfigurationIsVisible = 0;
			defaultConfigurationName = Release;
		};
		35FE98C42ED43A6C002A14ED /* Build configuration list for PBXNativeTarget "S25W12URLSession" */ = {
			isa = XCConfigurationList;
			buildConfigurations = (
				35FE98C52ED43A6C002A14ED /* Debug */,
				35FE98C62ED43A6C002A14ED /* Release */,
			);
			defaultConfigurationIsVisible = 0;
			defaultConfigurationName = Release;
		};
		35FE98C72ED43A6C002A14ED /* Build configuration list for PBXNativeTarget "S25W12URLSessionTests" */ = {
			isa = XCConfigurationList;
			buildConfigurations = (
				35FE98C82ED43A6C002A14ED /* Debug */,
				35FE98C92ED43A6C002A14ED /* Release */,
			);
			defaultConfigurationIsVisible = 0;
			defaultConfigurationName = Release;
		};
		35FE98CA2ED43A6C002A14ED /* Build configuration list for PBXNativeTarget "S25W12URLSessionUITests" */ = {
			isa = XCConfigurationList;
			buildConfigurations = (
				35FE98CB2ED43A6C002A14ED /* Debug */,
				35FE98CC2ED43A6C002A14ED /* Release */,
			);
			defaultConfigurationIsVisible = 0;
			defaultConfigurationName = Release;
		};
/* End XCConfigurationList section */
	};
	rootObject = 35FE989B2ED43A6B002A14ED /* Project object */;
}
